
Microsoft Visual Studio Solution File, Format Version 12.00
# Visual Studio Version 16
VisualStudioVersion = 16.0.30320.27
MinimumVisualStudioVersion = 10.0.40219.1
Project("{9A19103F-16F7-4668-BE54-9A1E7A4F7556}") = "Client", "Client\Client.csproj", "{87A30464-0A12-4284-892F-E5E1E9CE775B}"
EndProject
Project("{9A19103F-16F7-4668-BE54-9A1E7A4F7556}") = "Messages", "Messages\Messages.csproj", "{3DB8024C-7BCA-4209-89D0-ADA7BC9194A8}"
EndProject
Project("{9A19103F-16F7-4668-BE54-9A1E7A4F7556}") = "Sales", "Sales\Sales.csproj", "{D34B761A-546F-4776-A778-8A445597D924}"
EndProject
Project("{9A19103F-16F7-4668-BE54-9A1E7A4F7556}") = "CustomerRelations", "CustomerRelations\CustomerRelations.csproj", "{10EF1A3A-CFB9-4AFF-A048-26AA5B9E72B3}"
EndProject
Project("{2150E333-8FDC-42A3-9474-1A3956D46DE8}") = "Endpoints", "Endpoints", "{CF9C5D6D-E30F-4015-8EB5-DBD56F76D761}"
EndProject
Project("{9A19103F-16F7-4668-BE54-9A1E7A4F7556}") = "Sales.UnitTests", "Sales.UnitTests\Sales.UnitTests.csproj", "{806B70C7-F72A-429C-B4B3-5E6C7842FBE2}"
EndProject
Project("{2150E333-8FDC-42A3-9474-1A3956D46DE8}") = "Tests", "Tests", "{B7D8CAE0-D5DD-4941-9E98-04CB759DBF66}"
EndProject
Global
	GlobalSection(SolutionConfigurationPlatforms) = preSolution
		Debug|Any CPU = Debug|Any CPU
		Release|Any CPU = Release|Any CPU
	EndGlobalSection
	GlobalSection(ProjectConfigurationPlatforms) = postSolution
		{87A30464-0A12-4284-892F-E5E1E9CE775B}.Debug|Any CPU.ActiveCfg = Debug|Any CPU
		{87A30464-0A12-4284-892F-E5E1E9CE775B}.Debug|Any CPU.Build.0 = Debug|Any CPU
		{87A30464-0A12-4284-892F-E5E1E9CE775B}.Release|Any CPU.ActiveCfg = Release|Any CPU
		{87A30464-0A12-4284-892F-E5E1E9CE775B}.Release|Any CPU.Build.0 = Release|Any CPU
		{3DB8024C-7BCA-4209-89D0-ADA7BC9194A8}.Debug|Any CPU.ActiveCfg = Debug|Any CPU
		{3DB8024C-7BCA-4209-89D0-ADA7BC9194A8}.Debug|Any CPU.Build.0 = Debug|Any CPU
		{3DB8024C-7BCA-4209-89D0-ADA7BC9194A8}.Release|Any CPU.ActiveCfg = Release|Any CPU
		{3DB8024C-7BCA-4209-89D0-ADA7BC9194A8}.Release|Any CPU.Build.0 = Release|Any CPU
		{D34B761A-546F-4776-A778-8A445597D924}.Debug|Any CPU.ActiveCfg = Debug|Any CPU
		{D34B761A-546F-4776-A778-8A445597D924}.Debug|Any CPU.Build.0 = Debug|Any CPU
		{D34B761A-546F-4776-A778-8A445597D924}.Release|Any CPU.ActiveCfg = Release|Any CPU
		{D34B761A-546F-4776-A778-8A445597D924}.Release|Any CPU.Build.0 = Release|Any CPU
		{10EF1A3A-CFB9-4AFF-A048-26AA5B9E72B3}.Debug|Any CPU.ActiveCfg = Debug|Any CPU
		{10EF1A3A-CFB9-4AFF-A048-26AA5B9E72B3}.Debug|Any CPU.Build.0 = Debug|Any CPU
		{10EF1A3A-CFB9-4AFF-A048-26AA5B9E72B3}.Release|Any CPU.ActiveCfg = Release|Any CPU
		{10EF1A3A-CFB9-4AFF-A048-26AA5B9E72B3}.Release|Any CPU.Build.0 = Release|Any CPU
		{806B70C7-F72A-429C-B4B3-5E6C7842FBE2}.Debug|Any CPU.ActiveCfg = Debug|Any CPU
		{806B70C7-F72A-429C-B4B3-5E6C7842FBE2}.Debug|Any CPU.Build.0 = Debug|Any CPU
		{806B70C7-F72A-429C-B4B3-5E6C7842FBE2}.Release|Any CPU.ActiveCfg = Release|Any CPU
		{806B70C7-F72A-429C-B4B3-5E6C7842FBE2}.Release|Any CPU.Build.0 = Release|Any CPU
	EndGlobalSection
	GlobalSection(SolutionProperties) = preSolution
		HideSolutionNode = FALSE
	EndGlobalSection
	GlobalSection(NestedProjects) = preSolution
		{87A30464-0A12-4284-892F-E5E1E9CE775B} = {CF9C5D6D-E30F-4015-8EB5-DBD56F76D761}
		{D34B761A-546F-4776-A778-8A445597D924} = {CF9C5D6D-E30F-4015-8EB5-DBD56F76D761}
		{10EF1A3A-CFB9-4AFF-A048-26AA5B9E72B3} = {CF9C5D6D-E30F-4015-8EB5-DBD56F76D761}
		{806B70C7-F72A-429C-B4B3-5E6C7842FBE2} = {B7D8CAE0-D5DD-4941-9E98-04CB759DBF66}
	EndGlobalSection
	GlobalSection(ExtensibilityGlobals) = postSolution
		SolutionGuid = {1C58B3F0-0D5E-4CC7-BD2F-6DFABE9333D3}
	EndGlobalSection
EndGlobal
